
Microsoft Visual Studio Solution File, Format Version 12.00
# Visual Studio 15
VisualStudioVersion = 15.0.28307.421
MinimumVisualStudioVersion = 10.0.40219.1
Project("{FAE04EC0-301F-11D3-BF4B-00C04F79EFBC}") = "WebAppSeguir", "WebAppSeguir\WebAppSeguir.csproj", "{791A6A2D-B4A3-47D2-BF63-EE9198F5EFE3}"
EndProject
Global
	GlobalSection(SolutionConfigurationPlatforms) = preSolution
		Debug|Any CPU = Debug|Any CPU
		Release|Any CPU = Release|Any CPU
	EndGlobalSection
	GlobalSection(ProjectConfigurationPlatforms) = postSolution
		{791A6A2D-B4A3-47D2-BF63-EE9198F5EFE3}.Debug|Any CPU.ActiveCfg = Debug|Any CPU
		{791A6A2D-B4A3-47D2-BF63-EE9198F5EFE3}.Debug|Any CPU.Build.0 = Debug|Any CPU
		{791A6A2D-B4A3-47D2-BF63-EE9198F5EFE3}.Release|Any CPU.ActiveCfg = Release|Any CPU
		{791A6A2D-B4A3-47D2-BF63-EE9198F5EFE3}.Release|Any CPU.Build.0 = Release|Any CPU
	EndGlobalSection
	GlobalSection(SolutionProperties) = preSolution
		HideSolutionNode = FALSE
	EndGlobalSection
	GlobalSection(ExtensibilityGlobals) = postSolution
		SolutionGuid = {F7677404-45E0-42C5-A879-DB679FD9609E}
	EndGlobalSection
EndGlobal
